{
  "nodes": {
    "advisory-db": {
      "flake": false,
      "locked": {
        "lastModified": 1779575509,
        "narHash": "sha256-wXKYURZz76ZC5lbuDA1oVQA/MxSB3pSJ1raF1HG0oIc=",
        "owner": "rustsec",
        "repo": "advisory-db",
        "rev": "831c50f4a4304068f125e603add6a8839f08b3eb",
        "type": "github"
      },
      "original": {
        "owner": "rustsec",
        "repo": "advisory-db",
        "type": "github"
      }
    },
    "color-themes": {
      "locked": {
        "lastModified": 1777383516,
        "narHash": "sha256-62mybJz1jZfGnOaeNqckVkN0D9Ps4bGMldVa1OdUKI8=",
        "owner": "1gmar",
        "repo": "color-themes",
        "rev": "4ef74ce2b99022def39efa51a9db81bf60545130",
        "type": "github"
      },
      "original": {
        "owner": "1gmar",
        "repo": "color-themes",
        "type": "github"
      }
    },
    "color-themes_2": {
      "locked": {
        "lastModified": 1777383516,
        "narHash": "sha256-62mybJz1jZfGnOaeNqckVkN0D9Ps4bGMldVa1OdUKI8=",
        "owner": "1gmar",
        "repo": "color-themes",
        "rev": "4ef74ce2b99022def39efa51a9db81bf60545130",
        "type": "github"
      },
      "original": {
        "owner": "1gmar",
        "repo": "color-themes",
        "type": "github"
      }
    },
    "crane": {
      "locked": {
        "lastModified": 1779130139,
        "narHash": "sha256-BLrtr42azquO7MdGFU5a7KiMl3YpFlTeIXqy1fT5GlQ=",
        "owner": "ipetkov",
        "repo": "crane",
        "rev": "edb38893982a3338972bb4a2ec7ce7c29ba10fd9",
        "type": "github"
      },
      "original": {
        "owner": "ipetkov",
        "repo": "crane",
        "type": "github"
      }
    },
    "disko": {
      "inputs": {
        "nixpkgs": [
          "nixpkgs"
        ]
      },
      "locked": {
        "lastModified": 1781152676,
        "narHash": "sha256-RxWs5ND31KzTG7wvMM+PMfUjyNpmIEr999lqNARaM5o=",
        "owner": "nix-community",
        "repo": "disko",
        "rev": "ff8702b4de27f72b4c78573dfb89ec74e36abdf1",
        "type": "github"
      },
      "original": {
        "owner": "nix-community",
        "repo": "disko",
        "type": "github"
      }
    },
    "flake-parts": {
      "inputs": {
        "nixpkgs-lib": [
          "nixvim-1gmar",
          "nixvim",
          "nixpkgs"
        ]
      },
      "locked": {
        "lastModified": 1778716662,
        "narHash": "sha256-m1Yf0wZ8j1OHjTc2UwHwyQRSnNeSgLJOd7q5Y45hzi4=",
        "owner": "hercules-ci",
        "repo": "flake-parts",
        "rev": "f7c1a2d347e4c52d5fb8d10cb4d94b5884e546fb",
        "type": "github"
      },
      "original": {
        "owner": "hercules-ci",
        "repo": "flake-parts",
        "type": "github"
      }
    },
    "flatpaks": {
      "locked": {
        "lastModified": 1782495309,
        "narHash": "sha256-VHIqXC5eKeY4fNRMId7F1rg4sJhG/ZIX62TksPkTkVg=",
        "owner": "in-a-dil-emma",
        "repo": "declarative-flatpak",
        "rev": "841b6e3ff33d73f63555ecca777b81369fe39350",
        "type": "github"
      },
      "original": {
        "owner": "in-a-dil-emma",
        "ref": "latest",
        "repo": "declarative-flatpak",
        "type": "github"
      }
    },
    "home-manager": {
      "inputs": {
        "nixpkgs": [
          "nixpkgs"
        ]
      },
      "locked": {
        "lastModified": 1782704057,
        "narHash": "sha256-G1I1gd32F7mp9LAe1DaZ4ZL7NX5gyiKwdCMwro1Vrck=",
        "owner": "nix-community",
        "repo": "home-manager",
        "rev": "868d0a692de703c2de98fab61968e4e310b7c28e",
        "type": "github"
      },
      "original": {
        "owner": "nix-community",
        "ref": "release-26.05",
        "repo": "home-manager",
        "type": "github"
      }
    },
    "nixpkgs": {
      "locked": {
        "lastModified": 1782847225,
        "narHash": "sha256-JC9PjqKYG9ve5U8aDOLQipp3+KLANBHUvGdLZlxzdKI=",
        "owner": "NixOS",
        "repo": "nixpkgs",
        "rev": "95ca1e203c0750115fd4a6f17d5a245dfe6b1edd",
        "type": "github"
      },
      "original": {
        "owner": "NixOS",
        "ref": "nixos-26.05",
        "repo": "nixpkgs",
        "type": "github"
      }
    },
    "nixpkgs_2": {
      "locked": {
        "lastModified": 1744536153,
        "narHash": "sha256-awS2zRgF4uTwrOKwwiJcByDzDOdo3Q1rPZbiHQg/N38=",
        "owner": "NixOS",
        "repo": "nixpkgs",
        "rev": "18dd725c29603f582cf1900e0d25f9f1063dbf11",
        "type": "github"
      },
      "original": {
        "owner": "NixOS",
        "ref": "nixpkgs-unstable",
        "repo": "nixpkgs",
        "type": "github"
      }
    },
    "nixvim": {
      "inputs": {
        "flake-parts": "flake-parts",
        "nixpkgs": [
          "nixvim-1gmar",
          "nixpkgs"
        ],
        "systems": "systems"
      },
      "locked": {
        "lastModified": 1782919967,
        "narHash": "sha256-pRwjfB5HQJ3m8J8bOR43pPHtHI7VUJSqwLA3P06cOY0=",
        "owner": "nix-community",
        "repo": "nixvim",
        "rev": "667c8471f4a0fb24d702d1a61af8609f1a5f1ba6",
        "type": "github"
      },
      "original": {
        "owner": "nix-community",
        "ref": "nixos-26.05",
        "repo": "nixvim",
        "type": "github"
      }
    },
    "nixvim-1gmar": {
      "inputs": {
        "color-themes": "color-themes_2",
        "nixpkgs": [
          "nixpkgs"
        ],
        "nixvim": "nixvim",
        "topiary": "topiary"
      },
      "locked": {
        "lastModified": 1784225889,
        "narHash": "sha256-k/6LUB6G3YRue7dTC/KEqNcMiXHL3n0CZkysP7FvIKc=",
        "owner": "1gmar",
        "repo": "nixvim",
        "rev": "b007c6ecd8572c696acbcded5dc7bf598daa1bfb",
        "type": "github"
      },
      "original": {
        "owner": "1gmar",
        "repo": "nixvim",
        "type": "github"
      }
    },
    "root": {
      "inputs": {
        "color-themes": "color-themes",
        "disko": "disko",
        "flatpaks": "flatpaks",
        "home-manager": "home-manager",
        "nixpkgs": "nixpkgs",
        "nixvim-1gmar": "nixvim-1gmar",
        "sops-nix": "sops-nix"
      }
    },
    "rust-overlay": {
      "inputs": {
        "nixpkgs": "nixpkgs_2"
      },
      "locked": {
        "lastModified": 1779592685,
        "narHash": "sha256-p9d56GezhHRf4QfANxwa1d+fvwShvjB5XUhdIl7WEd0=",
        "owner": "oxalica",
        "repo": "rust-overlay",
        "rev": "3a58b199e7c83a80b85c28044f808085ba7e941c",
        "type": "github"
      },
      "original": {
        "owner": "oxalica",
        "repo": "rust-overlay",
        "type": "github"
      }
    },
    "sops-nix": {
      "inputs": {
        "nixpkgs": [
          "nixpkgs"
        ]
      },
      "locked": {
        "lastModified": 1782165805,
        "narHash": "sha256-478kKQBvK6SYTOdN2h9jhKJv94nbXRbFMfuL1WshErg=",
        "owner": "Mic92",
        "repo": "sops-nix",
        "rev": "56b24064fdcaedca53553b1a6d607fd23b613a24",
        "type": "github"
      },
      "original": {
        "owner": "Mic92",
        "repo": "sops-nix",
        "type": "github"
      }
    },
    "systems": {
      "locked": {
        "lastModified": 1681028828,
        "narHash": "sha256-Vy1rq5AaRuLzOxct8nz4T6wlgyUR7zLU309k9mBC768=",
        "owner": "nix-systems",
        "repo": "default",
        "rev": "da67096a3b9bf56a91d16901293e51ba5b49a27e",
        "type": "github"
      },
      "original": {
        "owner": "nix-systems",
        "repo": "default",
        "type": "github"
      }
    },
    "topiary": {
      "inputs": {
        "advisory-db": "advisory-db",
        "crane": "crane",
        "nixpkgs": [
          "nixvim-1gmar",
          "nixpkgs"
        ],
        "rust-overlay": "rust-overlay"
      },
      "locked": {
        "lastModified": 1782773194,
        "narHash": "sha256-aw53MQs1+3kTTLOCo34fVS90o+rsMDzslyIg6LOKO4k=",
        "owner": "tweag",
        "repo": "topiary",
        "rev": "6415928777240875ad8a6fcd4cbce46aac3686c1",
        "type": "github"
      },
      "original": {
        "owner": "tweag",
        "repo": "topiary",
        "type": "github"
      }
    }
  },
  "root": "root",
  "version": 7
}
